
Microsoft Visual Studio Solution File, Format Version 12.00
# Visual Studio Version 16
VisualStudioVersion = 16.0.31729.503
MinimumVisualStudioVersion = 10.0.40219.1
Project("{FAE04EC0-301F-11D3-BF4B-00C04F79EFBC}") = "WebApp", "WebApp\WebApp.csproj", "{625019D7-AFB0-4DDE-9384-373DB122FC31}"
EndProject
Global
	GlobalSection(SolutionConfigurationPlatforms) = preSolution
		Debug|Any CPU = Debug|Any CPU
		Release|Any CPU = Release|Any CPU
	EndGlobalSection
	GlobalSection(ProjectConfigurationPlatforms) = postSolution
		{625019D7-AFB0-4DDE-9384-373DB122FC31}.Debug|Any CPU.ActiveCfg = Debug|Any CPU
		{625019D7-AFB0-4DDE-9384-373DB122FC31}.Debug|Any CPU.Build.0 = Debug|Any CPU
		{625019D7-AFB0-4DDE-9384-373DB122FC31}.Release|Any CPU.ActiveCfg = Release|Any CPU
		{625019D7-AFB0-4DDE-9384-373DB122FC31}.Release|Any CPU.Build.0 = Release|Any CPU
	EndGlobalSection
	GlobalSection(SolutionProperties) = preSolution
		HideSolutionNode = FALSE
	EndGlobalSection
	GlobalSection(ExtensibilityGlobals) = postSolution
		SolutionGuid = {6989E8AF-9AF8-456F-9A79-38AB0BE63FCD}
	EndGlobalSection
EndGlobal
